// !$*UTF8*$!
{
	archiveVersion = 1;
	classes = {
	};
	objectVersion = 46;
	objects = {

/* Begin PBXBuildFile section */
		BCAE69781854499600EF1091 /* Foundation.framework in Frameworks */ = {isa = PBXBuildFile; fileRef = BCAE69771854499600EF1091 /* Foundation.framework */; };
		BCAE697A1854499700EF1091 /* CoreGraphics.framework in Frameworks */ = {isa = PBXBuildFile; fileRef = BCAE69791854499700EF1091 /* CoreGraphics.framework */; };
		BCAE697C1854499700EF1091 /* UIKit.framework in Frameworks */ = {isa = PBXBuildFile; fileRef = BCAE697B1854499700EF1091 /* UIKit.framework */; };
		BCAE69821854499700EF1091 /* InfoPlist.strings in Resources */ = {isa = PBXBuildFile; fileRef = BCAE69801854499700EF1091 /* InfoPlist.strings */; };
		BCAE69841854499700EF1091 /* main.m in Sources */ = {isa = PBXBuildFile; fileRef = BCAE69831854499700EF1091 /* main.m */; };
		BCAE69881854499700EF1091 /* AppDelegate.m in Sources */ = {isa = PBXBuildFile; fileRef = BCAE69871854499700EF1091 /* AppDelegate.m */; };
		BCAE698B1854499700EF1091 /* Main.storyboard in Resources */ = {isa = PBXBuildFile; fileRef = BCAE69891854499700EF1091 /* Main.storyboard */; };
		BCAE698E1854499700EF1091 /* ViewController.m in Sources */ = {isa = PBXBuildFile; fileRef = BCAE698D1854499700EF1091 /* ViewController.m */; };
		BCAE69901854499700EF1091 /* Images.xcassets in Resources */ = {isa = PBXBuildFile; fileRef = BCAE698F1854499700EF1091 /* Images.xcassets */; };
		BCAE69971854499700EF1091 /* XCTest.framework in Frameworks */ = {isa = PBXBuildFile; fileRef = BCAE69961854499700EF1091 /* XCTest.framework */; };
		BCAE69981854499700EF1091 /* Foundation.framework in Frameworks */ = {isa = PBXBuildFile; fileRef = BCAE69771854499600EF1091 /* Foundation.framework */; };
		BCAE69991854499700EF1091 /* UIKit.framework in Frameworks */ = {isa = PBXBuildFile; fileRef = BCAE697B1854499700EF1091 /* UIKit.framework */; };
		BCAE69A11854499700EF1091 /* InfoPlist.strings in Resources */ = {isa = PBXBuildFile; fileRef = BCAE699F1854499700EF1091 /* InfoPlist.strings */; };
		BCAE69A31854499700EF1091 /* sectionTableTests.m in Sources */ = {isa = PBXBuildFile; fileRef = BCAE69A21854499700EF1091 /* sectionTableTests.m */; };
/* End PBXBuildFile section */

/* Begin PBXContainerItemProxy section */
		BCAE699A1854499700EF1091 /* PBXContainerItemProxy */ = {
			isa = PBXContainerItemProxy;
			containerPortal = BCAE696C1854499600EF1091 /* Project object */;
			proxyType = 1;
			remoteGlobalIDString = BCAE69731854499600EF1091;
			remoteInfo = sectionTable;
		};
/* End PBXContainerItemProxy section */

/* Begin PBXFileReference section */
		BCAE69741854499600EF1091 /* sectionTable.app */ = {isa = PBXFileReference; explicitFileType = wrapper.application; includeInIndex = 0; path = sectionTable.app; sourceTree = BUILT_PRODUCTS_DIR; };
		BCAE69771854499600EF1091 /* Foundation.framework */ = {isa = PBXFileReference; lastKnownFileType = wrapper.framework; name = Foundation.framework; path = System/Library/Frameworks/Foundation.framework; sourceTree = SDKROOT; };
		BCAE69791854499700EF1091 /* CoreGraphics.framework */ = {isa = PBXFileReference; lastKnownFileType = wrapper.framework; name = CoreGraphics.framework; path = System/Library/Frameworks/CoreGraphics.framework; sourceTree = SDKROOT; };
		BCAE697B1854499700EF1091 /* UIKit.framework */ = {isa = PBXFileReference; lastKnownFileType = wrapper.framework; name = UIKit.framework; path = System/Library/Frameworks/UIKit.framework; sourceTree = SDKROOT; };
		BCAE697F1854499700EF1091 /* sectionTable-Info.plist */ = {isa = PBXFileReference; lastKnownFileType = text.plist.xml; path = "sectionTable-Info.plist"; sourceTree = "<group>"; };
		BCAE69811854499700EF1091 /* en */ = {isa = PBXFileReference; lastKnownFileType = text.plist.strings; name = en; path = en.lproj/InfoPlist.strings; sourceTree = "<group>"; };
		BCAE69831854499700EF1091 /* main.m */ = {isa = PBXFileReference; lastKnownFileType = sourcecode.c.objc; path = main.m; sourceTree = "<group>"; };
		BCAE69851854499700EF1091 /* sectionTable-Prefix.pch */ = {isa = PBXFileReference; lastKnownFileType = sourcecode.c.h; path = "sectionTable-Prefix.pch"; sourceTree = "<group>"; };
		BCAE69861854499700EF1091 /* AppDelegate.h */ = {isa = PBXFileReference; lastKnownFileType = sourcecode.c.h; path = AppDelegate.h; sourceTree = "<group>"; };
		BCAE69871854499700EF1091 /* AppDelegate.m */ = {isa = PBXFileReference; lastKnownFileType = sourcecode.c.objc; path = AppDelegate.m; sourceTree = "<group>"; };
		BCAE698A1854499700EF1091 /* Base */ = {isa = PBXFileReference; lastKnownFileType = file.storyboard; name = Base; path = Base.lproj/Main.storyboard; sourceTree = "<group>"; };
		BCAE698C1854499700EF1091 /* ViewController.h */ = {isa = PBXFileReference; lastKnownFileType = sourcecode.c.h; path = ViewController.h; sourceTree = "<group>"; };
		BCAE698D1854499700EF1091 /* ViewController.m */ = {isa = PBXFileReference; lastKnownFileType = sourcecode.c.objc; path = ViewController.m; sourceTree = "<group>"; };
		BCAE698F1854499700EF1091 /* Images.xcassets */ = {isa = PBXFileReference; lastKnownFileType = folder.assetcatalog; path = Images.xcassets; sourceTree = "<group>"; };
		BCAE69951854499700EF1091 /* sectionTableTests.xctest */ = {isa = PBXFileReference; explicitFileType = wrapper.cfbundle; includeInIndex = 0; path = sectionTableTests.xctest; sourceTree = BUILT_PRODUCTS_DIR; };
		BCAE69961854499700EF1091 /* XCTest.framework */ = {isa = PBXFileReference; lastKnownFileType = wrapper.framework; name = XCTest.framework; path = Library/Frameworks/XCTest.framework; sourceTree = DEVELOPER_DIR; };
		BCAE699E1854499700EF1091 /* sectionTableTests-Info.plist */ = {isa = PBXFileReference; lastKnownFileType = text.plist.xml; path = "sectionTableTests-Info.plist"; sourceTree = "<group>"; };
		BCAE69A01854499700EF1091 /* en */ = {isa = PBXFileReference; lastKnownFileType = text.plist.strings; name = en; path = en.lproj/InfoPlist.strings; sourceTree = "<group>"; };
		BCAE69A21854499700EF1091 /* sectionTableTests.m */ = {isa = PBXFileReference; lastKnownFileType = sourcecode.c.objc; path = sectionTableTests.m; sourceTree = "<group>"; };
/* End PBXFileReference section */

/* Begin PBXFrameworksBuildPhase section */
		BCAE69711854499600EF1091 /* Frameworks */ = {
			isa = PBXFrameworksBuildPhase;
			buildActionMask = 2147483647;
			files = (
				BCAE697A1854499700EF1091 /* CoreGraphics.framework in Frameworks */,
				BCAE697C1854499700EF1091 /* UIKit.framework in Frameworks */,
				BCAE69781854499600EF1091 /* Foundation.framework in Frameworks */,
			);
			runOnlyForDeploymentPostprocessing = 0;
		};
		BCAE69921854499700EF1091 /* Frameworks */ = {
			isa = PBXFrameworksBuildPhase;
			buildActionMask = 2147483647;
			files = (
				BCAE69971854499700EF1091 /* XCTest.framework in Frameworks */,
				BCAE69991854499700EF1091 /* UIKit.framework in Frameworks */,
				BCAE69981854499700EF1091 /* Foundation.framework in Frameworks */,
			);
			runOnlyForDeploymentPostprocessing = 0;
		};
/* End PBXFrameworksBuildPhase section */

/* Begin PBXGroup section */
		BCAE696B1854499600EF1091 = {
			isa = PBXGroup;
			children = (
				BCAE697D1854499700EF1091 /* sectionTable */,
				BCAE699C1854499700EF1091 /* sectionTableTests */,
				BCAE69761854499600EF1091 /* Frameworks */,
				BCAE69751854499600EF1091 /* Products */,
			);
			sourceTree = "<group>";
		};
		BCAE69751854499600EF1091 /* Products */ = {
			isa = PBXGroup;
			children = (
				BCAE69741854499600EF1091 /* sectionTable.app */,
				BCAE69951854499700EF1091 /* sectionTableTests.xctest */,
			);
			name = Products;
			sourceTree = "<group>";
		};
		BCAE69761854499600EF1091 /* Frameworks */ = {
			isa = PBXGroup;
			children = (
				BCAE69771854499600EF1091 /* Foundation.framework */,
				BCAE69791854499700EF1091 /* CoreGraphics.framework */,
				BCAE697B1854499700EF1091 /* UIKit.framework */,
				BCAE69961854499700EF1091 /* XCTest.framework */,
			);
			name = Frameworks;
			sourceTree = "<group>";
		};
		BCAE697D1854499700EF1091 /* sectionTable */ = {
			isa = PBXGroup;
			children = (
				BCAE69861854499700EF1091 /* AppDelegate.h */,
				BCAE69871854499700EF1091 /* AppDelegate.m */,
				BCAE69891854499700EF1091 /* Main.storyboard */,
				BCAE698C1854499700EF1091 /* ViewController.h */,
				BCAE698D1854499700EF1091 /* ViewController.m */,
				BCAE698F1854499700EF1091 /* Images.xcassets */,
				BCAE697E1854499700EF1091 /* Supporting Files */,
			);
			path = sectionTable;
			sourceTree = "<group>";
		};
		BCAE697E1854499700EF1091 /* Supporting Files */ = {
			isa = PBXGroup;
			children = (
				BCAE697F1854499700EF1091 /* sectionTable-Info.plist */,
				BCAE69801854499700EF1091 /* InfoPlist.strings */,
				BCAE69831854499700EF1091 /* main.m */,
				BCAE69851854499700EF1091 /* sectionTable-Prefix.pch */,
			);
			name = "Supporting Files";
			sourceTree = "<group>";
		};
		BCAE699C1854499700EF1091 /* sectionTableTests */ = {
			isa = PBXGroup;
			children = (
				BCAE69A21854499700EF1091 /* sectionTableTests.m */,
				BCAE699D1854499700EF1091 /* Supporting Files */,
			);
			path = sectionTableTests;
			sourceTree = "<group>";
		};
		BCAE699D1854499700EF1091 /* Supporting Files */ = {
			isa = PBXGroup;
			children = (
				BCAE699E1854499700EF1091 /* sectionTableTests-Info.plist */,
				BCAE699F1854499700EF1091 /* InfoPlist.strings */,
			);
			name = "Supporting Files";
			sourceTree = "<group>";
		};
/* End PBXGroup section */

/* Begin PBXNativeTarget section */
		BCAE69731854499600EF1091 /* sectionTable */ = {
			isa = PBXNativeTarget;
			buildConfigurationList = BCAE69A61854499700EF1091 /* Build configuration list for PBXNativeTarget "sectionTable" */;
			buildPhases = (
				BCAE69701854499600EF1091 /* Sources */,
				BCAE69711854499600EF1091 /* Frameworks */,
				BCAE69721854499600EF1091 /* Resources */,
			);
			buildRules = (
			);
			dependencies = (
			);
			name = sectionTable;
			productName = sectionTable;
			productReference = BCAE69741854499600EF1091 /* sectionTable.app */;
			productType = "com.apple.product-type.application";
		};
		BCAE69941854499700EF1091 /* sectionTableTests */ = {
			isa = PBXNativeTarget;
			buildConfigurationList = BCAE69A91854499700EF1091 /* Build configuration list for PBXNativeTarget "sectionTableTests" */;
			buildPhases = (
				BCAE69911854499700EF1091 /* Sources */,
				BCAE69921854499700EF1091 /* Frameworks */,
				BCAE69931854499700EF1091 /* Resources */,
			);
			buildRules = (
			);
			dependencies = (
				BCAE699B1854499700EF1091 /* PBXTargetDependency */,
			);
			name = sectionTableTests;
			productName = sectionTableTests;
			productReference = BCAE69951854499700EF1091 /* sectionTableTests.xctest */;
			productType = "com.apple.product-type.bundle.unit-test";
		};
/* End PBXNativeTarget section */

/* Begin PBXProject section */
		BCAE696C1854499600EF1091 /* Project object */ = {
			isa = PBXProject;
			attributes = {
				LastUpgradeCheck = 0500;
				ORGANIZATIONNAME = "matouka-suzuki";
				TargetAttributes = {
					BCAE69941854499700EF1091 = {
						TestTargetID = BCAE69731854499600EF1091;
					};
				};
			};
			buildConfigurationList = BCAE696F1854499600EF1091 /* Build configuration list for PBXProject "sectionTable" */;
			compatibilityVersion = "Xcode 3.2";
			developmentRegion = English;
			hasScannedForEncodings = 0;
			knownRegions = (
				en,
				Base,
			);
			mainGroup = BCAE696B1854499600EF1091;
			productRefGroup = BCAE69751854499600EF1091 /* Products */;
			projectDirPath = "";
			projectRoot = "";
			targets = (
				BCAE69731854499600EF1091 /* sectionTable */,
				BCAE69941854499700EF1091 /* sectionTableTests */,
			);
		};
/* End PBXProject section */

/* Begin PBXResourcesBuildPhase section */
		BCAE69721854499600EF1091 /* Resources */ = {
			isa = PBXResourcesBuildPhase;
			buildActionMask = 2147483647;
			files = (
				BCAE69901854499700EF1091 /* Images.xcassets in Resources */,
				BCAE69821854499700EF1091 /* InfoPlist.strings in Resources */,
				BCAE698B1854499700EF1091 /* Main.storyboard in Resources */,
			);
			runOnlyForDeploymentPostprocessing = 0;
		};
		BCAE69931854499700EF1091 /* Resources */ = {
			isa = PBXResourcesBuildPhase;
			buildActionMask = 2147483647;
			files = (
				BCAE69A11854499700EF1091 /* InfoPlist.strings in Resources */,
			);
			runOnlyForDeploymentPostprocessing = 0;
		};
/* End PBXResourcesBuildPhase section */

/* Begin PBXSourcesBuildPhase section */
		BCAE69701854499600EF1091 /* Sources */ = {
			isa = PBXSourcesBuildPhase;
			buildActionMask = 2147483647;
			files = (
				BCAE698E1854499700EF1091 /* ViewController.m in Sources */,
				BCAE69881854499700EF1091 /* AppDelegate.m in Sources */,
				BCAE69841854499700EF1091 /* main.m in Sources */,
			);
			runOnlyForDeploymentPostprocessing = 0;
		};
		BCAE69911854499700EF1091 /* Sources */ = {
			isa = PBXSourcesBuildPhase;
			buildActionMask = 2147483647;
			files = (
				BCAE69A31854499700EF1091 /* sectionTableTests.m in Sources */,
			);
			runOnlyForDeploymentPostprocessing = 0;
		};
/* End PBXSourcesBuildPhase section */

/* Begin PBXTargetDependency section */
		BCAE699B1854499700EF1091 /* PBXTargetDependency */ = {
			isa = PBXTargetDependency;
			target = BCAE69731854499600EF1091 /* sectionTable */;
			targetProxy = BCAE699A1854499700EF1091 /* PBXContainerItemProxy */;
		};
/* End PBXTargetDependency section */

/* Begin PBXVariantGroup section */
		BCAE69801854499700EF1091 /* InfoPlist.strings */ = {
			isa = PBXVariantGroup;
			children = (
				BCAE69811854499700EF1091 /* en */,
			);
			name = InfoPlist.strings;
			sourceTree = "<group>";
		};
		BCAE69891854499700EF1091 /* Main.storyboard */ = {
			isa = PBXVariantGroup;
			children = (
				BCAE698A1854499700EF1091 /* Base */,
			);
			name = Main.storyboard;
			sourceTree = "<group>";
		};
		BCAE699F1854499700EF1091 /* InfoPlist.strings */ = {
			isa = PBXVariantGroup;
			children = (
				BCAE69A01854499700EF1091 /* en */,
			);
			name = InfoPlist.strings;
			sourceTree = "<group>";
		};
/* End PBXVariantGroup section */

/* Begin XCBuildConfiguration section */
		BCAE69A41854499700EF1091 /* Debug */ = {
			isa = XCBuildConfiguration;
			buildSettings = {
				ALWAYS_SEARCH_USER_PATHS = NO;
				ARCHS = "$(ARCHS_STANDARD_INCLUDING_64_BIT)";
				CLANG_CXX_LANGUAGE_STANDARD = "gnu++0x";
				CLANG_CXX_LIBRARY = "libc++";
				CLANG_ENABLE_MODULES = YES;
				CLANG_ENABLE_OBJC_ARC = YES;
				CLANG_WARN_BOOL_CONVERSION = YES;
				CLANG_WARN_CONSTANT_CONVERSION = YES;
				CLANG_WARN_DIRECT_OBJC_ISA_USAGE = YES_ERROR;
				CLANG_WARN_EMPTY_BODY = YES;
				CLANG_WARN_ENUM_CONVERSION = YES;
				CLANG_WARN_INT_CONVERSION = YES;
				CLANG_WARN_OBJC_ROOT_CLASS = YES_ERROR;
				CLANG_WARN__DUPLICATE_METHOD_MATCH = YES;
				"CODE_SIGN_IDENTITY[sdk=iphoneos*]" = "iPhone Developer";
				COPY_PHASE_STRIP = NO;
				GCC_C_LANGUAGE_STANDARD = gnu99;
				GCC_DYNAMIC_NO_PIC = NO;
				GCC_OPTIMIZATION_LEVEL = 0;
				GCC_PREPROCESSOR_DEFINITIONS = (
					"DEBUG=1",
					"$(inherited)",
				);
				GCC_SYMBOLS_PRIVATE_EXTERN = NO;
				GCC_WARN_64_TO_32_BIT_CONVERSION = YES;
				GCC_WARN_ABOUT_RETURN_TYPE = YES_ERROR;
				GCC_WARN_UNDECLARED_SELECTOR = YES;
				GCC_WARN_UNINITIALIZED_AUTOS = YES;
				GCC_WARN_UNUSED_FUNCTION = YES;
				GCC_WARN_UNUSED_VARIABLE = YES;
				IPHONEOS_DEPLOYMENT_TARGET = 7.0;
				ONLY_ACTIVE_ARCH = YES;
				SDKROOT = iphoneos;
			};
			name = Debug;
		};
		BCAE69A51854499700EF1091 /* Release */ = {
			isa = XCBuildConfiguration;
			buildSettings = {
				ALWAYS_SEARCH_USER_PATHS = NO;
				ARCHS = "$(ARCHS_STANDARD_INCLUDING_64_BIT)";
				CLANG_CXX_LANGUAGE_STANDARD = "gnu++0x";
				CLANG_CXX_LIBRARY = "libc++";
				CLANG_ENABLE_MODULES = YES;
				CLANG_ENABLE_OBJC_ARC = YES;
				CLANG_WARN_BOOL_CONVERSION = YES;
				CLANG_WARN_CONSTANT_CONVERSION = YES;
				CLANG_WARN_DIRECT_OBJC_ISA_USAGE = YES_ERROR;
				CLANG_WARN_EMPTY_BODY = YES;
				CLANG_WARN_ENUM_CONVERSION = YES;
				CLANG_WARN_INT_CONVERSION = YES;
				CLANG_WARN_OBJC_ROOT_CLASS = YES_ERROR;
				CLANG_WARN__DUPLICATE_METHOD_MATCH = YES;
				"CODE_SIGN_IDENTITY[sdk=iphoneos*]" = "iPhone Developer";
				COPY_PHASE_STRIP = YES;
				ENABLE_NS_ASSERTIONS = NO;
				GCC_C_LANGUAGE_STANDARD = gnu99;
				GCC_WARN_64_TO_32_BIT_CONVERSION = YES;
				GCC_WARN_ABOUT_RETURN_TYPE = YES_ERROR;
				GCC_WARN_UNDECLARED_SELECTOR = YES;
				GCC_WARN_UNINITIALIZED_AUTOS = YES;
				GCC_WARN_UNUSED_FUNCTION = YES;
				GCC_WARN_UNUSED_VARIABLE = YES;
				IPHONEOS_DEPLOYMENT_TARGET = 7.0;
				SDKROOT = iphoneos;
				VALIDATE_PRODUCT = YES;
			};
			name = Release;
		};
		BCAE69A71854499700EF1091 /* Debug */ = {
			isa = XCBuildConfiguration;
			buildSettings = {
				ASSETCATALOG_COMPILER_APPICON_NAME = AppIcon;
				ASSETCATALOG_COMPILER_LAUNCHIMAGE_NAME = LaunchImage;
				GCC_PRECOMPILE_PREFIX_HEADER = YES;
				GCC_PREFIX_HEADER = "sectionTable/sectionTable-Prefix.pch";
				INFOPLIST_FILE = "sectionTable/sectionTable-Info.plist";
				PRODUCT_NAME = "$(TARGET_NAME)";
				WRAPPER_EXTENSION = app;
			};
			name = Debug;
		};
		BCAE69A81854499700EF1091 /* Release */ = {
			isa = XCBuildConfiguration;
			buildSettings = {
				ASSETCATALOG_COMPILER_APPICON_NAME = AppIcon;
				ASSETCATALOG_COMPILER_LAUNCHIMAGE_NAME = LaunchImage;
				GCC_PRECOMPILE_PREFIX_HEADER = YES;
				GCC_PREFIX_HEADER = "sectionTable/sectionTable-Prefix.pch";
				INFOPLIST_FILE = "sectionTable/sectionTable-Info.plist";
				PRODUCT_NAME = "$(TARGET_NAME)";
				WRAPPER_EXTENSION = app;
			};
			name = Release;
		};
		BCAE69AA1854499700EF1091 /* Debug */ = {
			isa = XCBuildConfiguration;
			buildSettings = {
				ARCHS = "$(ARCHS_STANDARD_INCLUDING_64_BIT)";
				BUNDLE_LOADER = "$(BUILT_PRODUCTS_DIR)/sectionTable.app/sectionTable";
				FRAMEWORK_SEARCH_PATHS = (
					"$(SDKROOT)/Developer/Library/Frameworks",
					"$(inherited)",
					"$(DEVELOPER_FRAMEWORKS_DIR)",
				);
				GCC_PRECOMPILE_PREFIX_HEADER = YES;
				GCC_PREFIX_HEADER = "sectionTable/sectionTable-Prefix.pch";
				GCC_PREPROCESSOR_DEFINITIONS = (
					"DEBUG=1",
					"$(inherited)",
				);
				INFOPLIST_FILE = "sectionTableTests/sectionTableTests-Info.plist";
				PRODUCT_NAME = "$(TARGET_NAME)";
				TEST_HOST = "$(BUNDLE_LOADER)";
				WRAPPER_EXTENSION = xctest;
			};
			name = Debug;
		};
		BCAE69AB1854499700EF1091 /* Release */ = {
			isa = XCBuildConfiguration;
			buildSettings = {
				ARCHS = "$(ARCHS_STANDARD_INCLUDING_64_BIT)";
				BUNDLE_LOADER = "$(BUILT_PRODUCTS_DIR)/sectionTable.app/sectionTable";
				FRAMEWORK_SEARCH_PATHS = (
					"$(SDKROOT)/Developer/Library/Frameworks",
					"$(inherited)",
					"$(DEVELOPER_FRAMEWORKS_DIR)",
				);
				GCC_PRECOMPILE_PREFIX_HEADER = YES;
				GCC_PREFIX_HEADER = "sectionTable/sectionTable-Prefix.pch";
				INFOPLIST_FILE = "sectionTableTests/sectionTableTests-Info.plist";
				PRODUCT_NAME = "$(TARGET_NAME)";
				TEST_HOST = "$(BUNDLE_LOADER)";
				WRAPPER_EXTENSION = xctest;
			};
			name = Release;
		};
/* End XCBuildConfiguration section */

/* Begin XCConfigurationList section */
		BCAE696F1854499600EF1091 /* Build configuration list for PBXProject "sectionTable" */ = {
			isa = XCConfigurationList;
			buildConfigurations = (
				BCAE69A41854499700EF1091 /* Debug */,
				BCAE69A51854499700EF1091 /* Release */,
			);
			defaultConfigurationIsVisible = 0;
			defaultConfigurationName = Release;
		};
		BCAE69A61854499700EF1091 /* Build configuration list for PBXNativeTarget "sectionTable" */ = {
			isa = XCConfigurationList;
			buildConfigurations = (
				BCAE69A71854499700EF1091 /* Debug */,
				BCAE69A81854499700EF1091 /* Release */,
			);
			defaultConfigurationIsVisible = 0;
		};
		BCAE69A91854499700EF1091 /* Build configuration list for PBXNativeTarget "sectionTableTests" */ = {
			isa = XCConfigurationList;
			buildConfigurations = (
				BCAE69AA1854499700EF1091 /* Debug */,
				BCAE69AB1854499700EF1091 /* Release */,
			);
			defaultConfigurationIsVisible = 0;
		};
/* End XCConfigurationList section */
	};
	rootObject = BCAE696C1854499600EF1091 /* Project object */;
}
